
Microsoft Visual Studio Solution File, Format Version 12.00
# Visual Studio Version 16
VisualStudioVersion = 16.0.29424.173
MinimumVisualStudioVersion = 10.0.40219.1
Project("{FAE04EC0-301F-11D3-BF4B-00C04F79EFBC}") = "OnlineOrderInfo", "OnlineOrderInfo.csproj", "{5917E772-DF26-450E-8888-C25434122491}"
EndProject
Global
	GlobalSection(SolutionConfigurationPlatforms) = preSolution
		Debug|Any CPU = Debug|Any CPU
		Release|Any CPU = Release|Any CPU
	EndGlobalSection
	GlobalSection(ProjectConfigurationPlatforms) = postSolution
		{5917E772-DF26-450E-8888-C25434122491}.Debug|Any CPU.ActiveCfg = Debug|Any CPU
		{5917E772-DF26-450E-8888-C25434122491}.Debug|Any CPU.Build.0 = Debug|Any CPU
		{5917E772-DF26-450E-8888-C25434122491}.Release|Any CPU.ActiveCfg = Release|Any CPU
		{5917E772-DF26-450E-8888-C25434122491}.Release|Any CPU.Build.0 = Release|Any CPU
	EndGlobalSection
	GlobalSection(SolutionProperties) = preSolution
		HideSolutionNode = FALSE
	EndGlobalSection
	GlobalSection(ExtensibilityGlobals) = postSolution
		SolutionGuid = {F4DC7601-6070-4C5F-82DA-696443139AB1}
	EndGlobalSection
EndGlobal
